
Microsoft Visual Studio Solution File, Format Version 12.00
# Visual Studio Version 17
VisualStudioVersion = 17.4.33205.214
MinimumVisualStudioVersion = 10.0.40219.1
Project("{8BC9CEB8-8B4A-11D0-8D11-00A0C91BC942}") = "11_02_dynemicLib", "11_02_dynemicLib.vcxproj", "{A76F65B1-D4D0-462F-A460-3DD327CC94FF}"
EndProject
Project("{8BC9CEB8-8B4A-11D0-8D11-00A0C91BC942}") = "11_02_dynemicLibTest", "11_02_dynemicLibTest\11_02_dynemicLibTest.vcxproj", "{01FE0111-9653-4E86-A029-717E87F2CC34}"
EndProject
Global
	GlobalSection(SolutionConfigurationPlatforms) = preSolution
		Debug|x64 = Debug|x64
		Debug|x86 = Debug|x86
		Release|x64 = Release|x64
		Release|x86 = Release|x86
	EndGlobalSection
	GlobalSection(ProjectConfigurationPlatforms) = postSolution
		{A76F65B1-D4D0-462F-A460-3DD327CC94FF}.Debug|x64.ActiveCfg = Debug|x64
		{A76F65B1-D4D0-462F-A460-3DD327CC94FF}.Debug|x64.Build.0 = Debug|x64
		{A76F65B1-D4D0-462F-A460-3DD327CC94FF}.Debug|x86.ActiveCfg = Debug|Win32
		{A76F65B1-D4D0-462F-A460-3DD327CC94FF}.Debug|x86.Build.0 = Debug|Win32
		{A76F65B1-D4D0-462F-A460-3DD327CC94FF}.Release|x64.ActiveCfg = Release|x64
		{A76F65B1-D4D0-462F-A460-3DD327CC94FF}.Release|x64.Build.0 = Release|x64
		{A76F65B1-D4D0-462F-A460-3DD327CC94FF}.Release|x86.ActiveCfg = Release|Win32
		{A76F65B1-D4D0-462F-A460-3DD327CC94FF}.Release|x86.Build.0 = Release|Win32
		{01FE0111-9653-4E86-A029-717E87F2CC34}.Debug|x64.ActiveCfg = Debug|x64
		{01FE0111-9653-4E86-A029-717E87F2CC34}.Debug|x64.Build.0 = Debug|x64
		{01FE0111-9653-4E86-A029-717E87F2CC34}.Debug|x86.ActiveCfg = Debug|Win32
		{01FE0111-9653-4E86-A029-717E87F2CC34}.Debug|x86.Build.0 = Debug|Win32
		{01FE0111-9653-4E86-A029-717E87F2CC34}.Release|x64.ActiveCfg = Release|x64
		{01FE0111-9653-4E86-A029-717E87F2CC34}.Release|x64.Build.0 = Release|x64
		{01FE0111-9653-4E86-A029-717E87F2CC34}.Release|x86.ActiveCfg = Release|Win32
		{01FE0111-9653-4E86-A029-717E87F2CC34}.Release|x86.Build.0 = Release|Win32
	EndGlobalSection
	GlobalSection(SolutionProperties) = preSolution
		HideSolutionNode = FALSE
	EndGlobalSection
	GlobalSection(ExtensibilityGlobals) = postSolution
		SolutionGuid = {C7D2D5CB-18BB-4173-AF78-F1939D9709E2}
	EndGlobalSection
EndGlobal
